
Microsoft Visual Studio Solution File, Format Version 12.00
# Visual Studio Version 16
VisualStudioVersion = 16.0.29905.134
MinimumVisualStudioVersion = 10.0.40219.1
Project("{FAE04EC0-301F-11D3-BF4B-00C04F79EFBC}") = "MobilePhones", "MobilePhones.csproj", "{3A32AE27-E35E-48A1-92CD-70BC3075B69F}"
EndProject
Global
	GlobalSection(SolutionConfigurationPlatforms) = preSolution
		Debug|Any CPU = Debug|Any CPU
		Release|Any CPU = Release|Any CPU
	EndGlobalSection
	GlobalSection(ProjectConfigurationPlatforms) = postSolution
		{3A32AE27-E35E-48A1-92CD-70BC3075B69F}.Debug|Any CPU.ActiveCfg = Debug|Any CPU
		{3A32AE27-E35E-48A1-92CD-70BC3075B69F}.Debug|Any CPU.Build.0 = Debug|Any CPU
		{3A32AE27-E35E-48A1-92CD-70BC3075B69F}.Release|Any CPU.ActiveCfg = Release|Any CPU
		{3A32AE27-E35E-48A1-92CD-70BC3075B69F}.Release|Any CPU.Build.0 = Release|Any CPU
	EndGlobalSection
	GlobalSection(SolutionProperties) = preSolution
		HideSolutionNode = FALSE
	EndGlobalSection
	GlobalSection(ExtensibilityGlobals) = postSolution
		SolutionGuid = {BA27FB8E-842B-4C6A-93B3-F907FBA978ED}
	EndGlobalSection
EndGlobal
